// !$*UTF8*$!
{
	archiveVersion = 1;
	classes = {
	};
	objectVersion = 56;
	objects = {

/* Begin PBXBuildFile section */
		0525C3E42911DE7600BD410B /* Assets.xcassets in Resources */ = {isa = PBXBuildFile; fileRef = 0525C3E32911DE7600BD410B /* Assets.xcassets */; };
		053CE2302926FF0A0005EE43 /* Network.swift in Sources */ = {isa = PBXBuildFile; fileRef = 053CE22F2926FF0A0005EE43 /* Network.swift */; };
		053CE2342926FF830005EE43 /* ObraModel.swift in Sources */ = {isa = PBXBuildFile; fileRef = 053CE2332926FF830005EE43 /* ObraModel.swift */; };
		333A8DC729AE5F5F0079C66D /* LoadingView.swift in Sources */ = {isa = PBXBuildFile; fileRef = 333A8DC629AE5F5F0079C66D /* LoadingView.swift */; };
		333A8DC929AE60680079C66D /* FinalView.swift in Sources */ = {isa = PBXBuildFile; fileRef = 333A8DC829AE60680079C66D /* FinalView.swift */; };
		FB5F879928FF705100A4E95C /* DeviceLocationService.swift in Sources */ = {isa = PBXBuildFile; fileRef = FB5F879828FF705100A4E95C /* DeviceLocationService.swift */; };
		FC0BD09629A46723005A1800 /* Alamofire in Frameworks */ = {isa = PBXBuildFile; productRef = FC0BD09529A46723005A1800 /* Alamofire */; };
		FC0BD09829A46748005A1800 /* Params.swift in Sources */ = {isa = PBXBuildFile; fileRef = FC0BD09729A46748005A1800 /* Params.swift */; };
		FC0BD09A29A4677B005A1800 /* ARLocation.swift in Sources */ = {isa = PBXBuildFile; fileRef = FC0BD09929A4677B005A1800 /* ARLocation.swift */; };
		FC0BD09C29A46B8E005A1800 /* Utilities.swift in Sources */ = {isa = PBXBuildFile; fileRef = FC0BD09B29A46B8E005A1800 /* Utilities.swift */; };
		FC0BD09F29A4730E005A1800 /* Main.storyboard in Resources */ = {isa = PBXBuildFile; fileRef = FC0BD09E29A4730E005A1800 /* Main.storyboard */; };
		FC0BD0A229A47363005A1800 /* ARViewController.swift in Sources */ = {isa = PBXBuildFile; fileRef = FC0BD0A129A47363005A1800 /* ARViewController.swift */; };
		FC32475D28FF34170034F324 /* ARViewContainer.swift in Sources */ = {isa = PBXBuildFile; fileRef = FC32475C28FF34170034F324 /* ARViewContainer.swift */; };
		FC53ACF5292F2E5A00A582B0 /* ObraView.swift in Sources */ = {isa = PBXBuildFile; fileRef = FC53ACF4292F2E5A00A582B0 /* ObraView.swift */; };
		FC5E954F2936FF4500BD4CE2 /* TutorialView.swift in Sources */ = {isa = PBXBuildFile; fileRef = FC5E954E2936FF4500BD4CE2 /* TutorialView.swift */; };
		FC5E95512936FF4900BD4CE2 /* CardView.swift in Sources */ = {isa = PBXBuildFile; fileRef = FC5E95502936FF4900BD4CE2 /* CardView.swift */; };
		FC5E95532936FF5000BD4CE2 /* CardModel.swift in Sources */ = {isa = PBXBuildFile; fileRef = FC5E95522936FF5000BD4CE2 /* CardModel.swift */; };
		FC64E63228F7330C00FCB2AA /* MARCO_iOSApp.swift in Sources */ = {isa = PBXBuildFile; fileRef = FC64E63128F7330C00FCB2AA /* MARCO_iOSApp.swift */; };
		FC64E63428F7330C00FCB2AA /* ContentView.swift in Sources */ = {isa = PBXBuildFile; fileRef = FC64E63328F7330C00FCB2AA /* ContentView.swift */; };
		FC64E63928F7330D00FCB2AA /* Preview Assets.xcassets in Resources */ = {isa = PBXBuildFile; fileRef = FC64E63828F7330D00FCB2AA /* Preview Assets.xcassets */; };
		FC80D9D0292EFFB600724704 /* ProgressView.swift in Sources */ = {isa = PBXBuildFile; fileRef = FC80D9CF292EFFB600724704 /* ProgressView.swift */; };
		FC80D9D3292F038200724704 /* ProgressRowView.swift in Sources */ = {isa = PBXBuildFile; fileRef = FC80D9D2292F038200724704 /* ProgressRowView.swift */; };
		FCEDB5A329A47A2100D60620 /* toy_drummer.usdz in Resources */ = {isa = PBXBuildFile; fileRef = FCEDB5A229A47A2100D60620 /* toy_drummer.usdz */; };
/* End PBXBuildFile section */

/* Begin PBXFileReference section */
		0525C3E32911DE7600BD410B /* Assets.xcassets */ = {isa = PBXFileReference; lastKnownFileType = folder.assetcatalog; path = Assets.xcassets; sourceTree = "<group>"; };
		053CE22F2926FF0A0005EE43 /* Network.swift */ = {isa = PBXFileReference; lastKnownFileType = sourcecode.swift; path = Network.swift; sourceTree = "<group>"; };
		053CE2332926FF830005EE43 /* ObraModel.swift */ = {isa = PBXFileReference; lastKnownFileType = sourcecode.swift; path = ObraModel.swift; sourceTree = "<group>"; };
		333A8DC629AE5F5F0079C66D /* LoadingView.swift */ = {isa = PBXFileReference; lastKnownFileType = sourcecode.swift; path = LoadingView.swift; sourceTree = "<group>"; };
		333A8DC829AE60680079C66D /* FinalView.swift */ = {isa = PBXFileReference; lastKnownFileType = sourcecode.swift; path = FinalView.swift; sourceTree = "<group>"; };
		FB5F879528FF654600A4E95C /* Info.plist */ = {isa = PBXFileReference; lastKnownFileType = text.plist; path = Info.plist; sourceTree = "<group>"; };
		FB5F879828FF705100A4E95C /* DeviceLocationService.swift */ = {isa = PBXFileReference; lastKnownFileType = sourcecode.swift; path = DeviceLocationService.swift; sourceTree = "<group>"; };
		FC0BD09729A46748005A1800 /* Params.swift */ = {isa = PBXFileReference; fileEncoding = 4; lastKnownFileType = sourcecode.swift; path = Params.swift; sourceTree = "<group>"; };
		FC0BD09929A4677B005A1800 /* ARLocation.swift */ = {isa = PBXFileReference; fileEncoding = 4; lastKnownFileType = sourcecode.swift; path = ARLocation.swift; sourceTree = "<group>"; };
		FC0BD09B29A46B8E005A1800 /* Utilities.swift */ = {isa = PBXFileReference; fileEncoding = 4; lastKnownFileType = sourcecode.swift; path = Utilities.swift; sourceTree = "<group>"; };
		FC0BD09E29A4730E005A1800 /* Main.storyboard */ = {isa = PBXFileReference; lastKnownFileType = file.storyboard; path = Main.storyboard; sourceTree = "<group>"; };
		FC0BD0A129A47363005A1800 /* ARViewController.swift */ = {isa = PBXFileReference; lastKnownFileType = sourcecode.swift; path = ARViewController.swift; sourceTree = "<group>"; };
		FC32475C28FF34170034F324 /* ARViewContainer.swift */ = {isa = PBXFileReference; lastKnownFileType = sourcecode.swift; path = ARViewContainer.swift; sourceTree = "<group>"; };
		FC53ACF4292F2E5A00A582B0 /* ObraView.swift */ = {isa = PBXFileReference; lastKnownFileType = sourcecode.swift; path = ObraView.swift; sourceTree = "<group>"; };
		FC5E954E2936FF4500BD4CE2 /* TutorialView.swift */ = {isa = PBXFileReference; fileEncoding = 4; lastKnownFileType = sourcecode.swift; path = TutorialView.swift; sourceTree = "<group>"; };
		FC5E95502936FF4900BD4CE2 /* CardView.swift */ = {isa = PBXFileReference; fileEncoding = 4; lastKnownFileType = sourcecode.swift; path = CardView.swift; sourceTree = "<group>"; };
		FC5E95522936FF5000BD4CE2 /* CardModel.swift */ = {isa = PBXFileReference; fileEncoding = 4; lastKnownFileType = sourcecode.swift; path = CardModel.swift; sourceTree = "<group>"; };
		FC64E62E28F7330C00FCB2AA /* MARCO-iOS.app */ = {isa = PBXFileReference; explicitFileType = wrapper.application; includeInIndex = 0; path = "MARCO-iOS.app"; sourceTree = BUILT_PRODUCTS_DIR; };
		FC64E63128F7330C00FCB2AA /* MARCO_iOSApp.swift */ = {isa = PBXFileReference; lastKnownFileType = sourcecode.swift; path = MARCO_iOSApp.swift; sourceTree = "<group>"; };
		FC64E63328F7330C00FCB2AA /* ContentView.swift */ = {isa = PBXFileReference; lastKnownFileType = sourcecode.swift; path = ContentView.swift; sourceTree = "<group>"; };
		FC64E63828F7330D00FCB2AA /* Preview Assets.xcassets */ = {isa = PBXFileReference; lastKnownFileType = folder.assetcatalog; path = "Preview Assets.xcassets"; sourceTree = "<group>"; };
		FC80D9CF292EFFB600724704 /* ProgressView.swift */ = {isa = PBXFileReference; lastKnownFileType = sourcecode.swift; path = ProgressView.swift; sourceTree = "<group>"; };
		FC80D9D2292F038200724704 /* ProgressRowView.swift */ = {isa = PBXFileReference; lastKnownFileType = sourcecode.swift; path = ProgressRowView.swift; sourceTree = "<group>"; };
		FCEDB5A229A47A2100D60620 /* toy_drummer.usdz */ = {isa = PBXFileReference; lastKnownFileType = file.usdz; path = toy_drummer.usdz; sourceTree = "<group>"; };
/* End PBXFileReference section */

/* Begin PBXFrameworksBuildPhase section */
		FC64E62B28F7330C00FCB2AA /* Frameworks */ = {
			isa = PBXFrameworksBuildPhase;
			buildActionMask = 2147483647;
			files = (
				FC0BD09629A46723005A1800 /* Alamofire in Frameworks */,
			);
			runOnlyForDeploymentPostprocessing = 0;
		};
/* End PBXFrameworksBuildPhase section */

/* Begin PBXGroup section */
		053CE22E2926FEF80005EE43 /* Services */ = {
			isa = PBXGroup;
			children = (
				FB5F879828FF705100A4E95C /* DeviceLocationService.swift */,
				FC0BD09729A46748005A1800 /* Params.swift */,
				053CE22F2926FF0A0005EE43 /* Network.swift */,
			);
			path = Services;
			sourceTree = "<group>";
		};
		053CE2322926FF610005EE43 /* Model */ = {
			isa = PBXGroup;
			children = (
				FC5E95522936FF5000BD4CE2 /* CardModel.swift */,
				FC0BD09929A4677B005A1800 /* ARLocation.swift */,
				053CE2332926FF830005EE43 /* ObraModel.swift */,
			);
			path = Model;
			sourceTree = "<group>";
		};
		FC0BD09D29A472F8005A1800 /* Storyboards */ = {
			isa = PBXGroup;
			children = (
				FC0BD09E29A4730E005A1800 /* Main.storyboard */,
			);
			path = Storyboards;
			sourceTree = "<group>";
		};
		FC0BD0A029A47348005A1800 /* ViewControllers */ = {
			isa = PBXGroup;
			children = (
				FC0BD0A129A47363005A1800 /* ARViewController.swift */,
			);
			path = ViewControllers;
			sourceTree = "<group>";
		};
		FC32475B28FF34090034F324 /* Views */ = {
			isa = PBXGroup;
			children = (
				FC5E954D2936FF3D00BD4CE2 /* Tutorial */,
				FC64E63328F7330C00FCB2AA /* ContentView.swift */,
				FC80D9CF292EFFB600724704 /* ProgressView.swift */,
				FC80D9D2292F038200724704 /* ProgressRowView.swift */,
				FC53ACF4292F2E5A00A582B0 /* ObraView.swift */,
				FC32475C28FF34170034F324 /* ARViewContainer.swift */,
				333A8DC629AE5F5F0079C66D /* LoadingView.swift */,
				333A8DC829AE60680079C66D /* FinalView.swift */,
			);
			path = Views;
			sourceTree = "<group>";
		};
		FC5E954D2936FF3D00BD4CE2 /* Tutorial */ = {
			isa = PBXGroup;
			children = (
				FC5E95502936FF4900BD4CE2 /* CardView.swift */,
				FC5E954E2936FF4500BD4CE2 /* TutorialView.swift */,
			);
			path = Tutorial;
			sourceTree = "<group>";
		};
		FC64E62528F7330C00FCB2AA = {
			isa = PBXGroup;
			children = (
				FC64E63028F7330C00FCB2AA /* MARCO-iOS */,
				FC64E62F28F7330C00FCB2AA /* Products */,
			);
			sourceTree = "<group>";
		};
		FC64E62F28F7330C00FCB2AA /* Products */ = {
			isa = PBXGroup;
			children = (
				FC64E62E28F7330C00FCB2AA /* MARCO-iOS.app */,
			);
			name = Products;
			sourceTree = "<group>";
		};
		FC64E63028F7330C00FCB2AA /* MARCO-iOS */ = {
			isa = PBXGroup;
			children = (
				FB5F879528FF654600A4E95C /* Info.plist */,
				0525C3E32911DE7600BD410B /* Assets.xcassets */,
				FCEDB5A229A47A2100D60620 /* toy_drummer.usdz */,
				FC64E63128F7330C00FCB2AA /* MARCO_iOSApp.swift */,
				053CE2322926FF610005EE43 /* Model */,
				FC32475B28FF34090034F324 /* Views */,
				FC7BBE9A293558AA0082CD0E /* Controller */,
				053CE22E2926FEF80005EE43 /* Services */,
				FC0BD09D29A472F8005A1800 /* Storyboards */,
				FC0BD0A029A47348005A1800 /* ViewControllers */,
				FC64E63728F7330D00FCB2AA /* Preview Content */,
			);
			path = "MARCO-iOS";
			sourceTree = "<group>";
		};
		FC64E63728F7330D00FCB2AA /* Preview Content */ = {
			isa = PBXGroup;
			children = (
				FC64E63828F7330D00FCB2AA /* Preview Assets.xcassets */,
			);
			path = "Preview Content";
			sourceTree = "<group>";
		};
		FC7BBE9A293558AA0082CD0E /* Controller */ = {
			isa = PBXGroup;
			children = (
				FC0BD09B29A46B8E005A1800 /* Utilities.swift */,
			);
			path = Controller;
			sourceTree = "<group>";
		};
/* End PBXGroup section */

/* Begin PBXNativeTarget section */
		FC64E62D28F7330C00FCB2AA /* MARCO-iOS */ = {
			isa = PBXNativeTarget;
			buildConfigurationList = FC64E63C28F7330D00FCB2AA /* Build configuration list for PBXNativeTarget "MARCO-iOS" */;
			buildPhases = (
				FC64E62A28F7330C00FCB2AA /* Sources */,
				FC64E62B28F7330C00FCB2AA /* Frameworks */,
				FC64E62C28F7330C00FCB2AA /* Resources */,
			);
			buildRules = (
			);
			dependencies = (
			);
			name = "MARCO-iOS";
			packageProductDependencies = (
				FC0BD09529A46723005A1800 /* Alamofire */,
			);
			productName = "MARCO-iOS";
			productReference = FC64E62E28F7330C00FCB2AA /* MARCO-iOS.app */;
			productType = "com.apple.product-type.application";
		};
/* End PBXNativeTarget section */

/* Begin PBXProject section */
		FC64E62628F7330C00FCB2AA /* Project object */ = {
			isa = PBXProject;
			attributes = {
				BuildIndependentTargetsInParallel = 1;
				LastSwiftUpdateCheck = 1400;
				LastUpgradeCheck = 1400;
				TargetAttributes = {
					FC64E62D28F7330C00FCB2AA = {
						CreatedOnToolsVersion = 14.0.1;
					};
				};
			};
			buildConfigurationList = FC64E62928F7330C00FCB2AA /* Build configuration list for PBXProject "MARCO-iOS" */;
			compatibilityVersion = "Xcode 14.0";
			developmentRegion = en;
			hasScannedForEncodings = 0;
			knownRegions = (
				en,
				Base,
			);
			mainGroup = FC64E62528F7330C00FCB2AA;
			packageReferences = (
				FC0BD09429A46723005A1800 /* XCRemoteSwiftPackageReference "Alamofire" */,
			);
			productRefGroup = FC64E62F28F7330C00FCB2AA /* Products */;
			projectDirPath = "";
			projectRoot = "";
			targets = (
				FC64E62D28F7330C00FCB2AA /* MARCO-iOS */,
			);
		};
/* End PBXProject section */

/* Begin PBXResourcesBuildPhase section */
		FC64E62C28F7330C00FCB2AA /* Resources */ = {
			isa = PBXResourcesBuildPhase;
			buildActionMask = 2147483647;
			files = (
				FC0BD09F29A4730E005A1800 /* Main.storyboard in Resources */,
				FC64E63928F7330D00FCB2AA /* Preview Assets.xcassets in Resources */,
				0525C3E42911DE7600BD410B /* Assets.xcassets in Resources */,
				FCEDB5A329A47A2100D60620 /* toy_drummer.usdz in Resources */,
			);
			runOnlyForDeploymentPostprocessing = 0;
		};
/* End PBXResourcesBuildPhase section */

/* Begin PBXSourcesBuildPhase section */
		FC64E62A28F7330C00FCB2AA /* Sources */ = {
			isa = PBXSourcesBuildPhase;
			buildActionMask = 2147483647;
			files = (
				FB5F879928FF705100A4E95C /* DeviceLocationService.swift in Sources */,
				FC0BD09829A46748005A1800 /* Params.swift in Sources */,
				053CE2342926FF830005EE43 /* ObraModel.swift in Sources */,
				333A8DC929AE60680079C66D /* FinalView.swift in Sources */,
				FC64E63428F7330C00FCB2AA /* ContentView.swift in Sources */,
				333A8DC729AE5F5F0079C66D /* LoadingView.swift in Sources */,
				FC80D9D3292F038200724704 /* ProgressRowView.swift in Sources */,
				053CE2302926FF0A0005EE43 /* Network.swift in Sources */,
				FC0BD09C29A46B8E005A1800 /* Utilities.swift in Sources */,
				FC5E95532936FF5000BD4CE2 /* CardModel.swift in Sources */,
				FC53ACF5292F2E5A00A582B0 /* ObraView.swift in Sources */,
				FC5E954F2936FF4500BD4CE2 /* TutorialView.swift in Sources */,
				FC0BD09A29A4677B005A1800 /* ARLocation.swift in Sources */,
				FC80D9D0292EFFB600724704 /* ProgressView.swift in Sources */,
				FC0BD0A229A47363005A1800 /* ARViewController.swift in Sources */,
				FC64E63228F7330C00FCB2AA /* MARCO_iOSApp.swift in Sources */,
				FC5E95512936FF4900BD4CE2 /* CardView.swift in Sources */,
				FC32475D28FF34170034F324 /* ARViewContainer.swift in Sources */,
			);
			runOnlyForDeploymentPostprocessing = 0;
		};
/* End PBXSourcesBuildPhase section */

/* Begin XCBuildConfiguration section */
		FC64E63A28F7330D00FCB2AA /* Debug */ = {
			isa = XCBuildConfiguration;
			buildSettings = {
				ALWAYS_SEARCH_USER_PATHS = NO;
				CLANG_ANALYZER_NONNULL = YES;
				CLANG_ANALYZER_NUMBER_OBJECT_CONVERSION = YES_AGGRESSIVE;
				CLANG_CXX_LANGUAGE_STANDARD = "gnu++20";
				CLANG_ENABLE_MODULES = YES;
				CLANG_ENABLE_OBJC_ARC = YES;
				CLANG_ENABLE_OBJC_WEAK = YES;
				CLANG_WARN_BLOCK_CAPTURE_AUTORELEASING = YES;
				CLANG_WARN_BOOL_CONVERSION = YES;
				CLANG_WARN_COMMA = YES;
				CLANG_WARN_CONSTANT_CONVERSION = YES;
				CLANG_WARN_DEPRECATED_OBJC_IMPLEMENTATIONS = YES;
				CLANG_WARN_DIRECT_OBJC_ISA_USAGE = YES_ERROR;
				CLANG_WARN_DOCUMENTATION_COMMENTS = YES;
				CLANG_WARN_EMPTY_BODY = YES;
				CLANG_WARN_ENUM_CONVERSION = YES;
				CLANG_WARN_INFINITE_RECURSION = YES;
				CLANG_WARN_INT_CONVERSION = YES;
				CLANG_WARN_NON_LITERAL_NULL_CONVERSION = YES;
				CLANG_WARN_OBJC_IMPLICIT_RETAIN_SELF = YES;
				CLANG_WARN_OBJC_LITERAL_CONVERSION = YES;
				CLANG_WARN_OBJC_ROOT_CLASS = YES_ERROR;
				CLANG_WARN_QUOTED_INCLUDE_IN_FRAMEWORK_HEADER = YES;
				CLANG_WARN_RANGE_LOOP_ANALYSIS = YES;
				CLANG_WARN_STRICT_PROTOTYPES = YES;
				CLANG_WARN_SUSPICIOUS_MOVE = YES;
				CLANG_WARN_UNGUARDED_AVAILABILITY = YES_AGGRESSIVE;
				CLANG_WARN_UNREACHABLE_CODE = YES;
				CLANG_WARN__DUPLICATE_METHOD_MATCH = YES;
				COPY_PHASE_STRIP = NO;
				DEBUG_INFORMATION_FORMAT = dwarf;
				ENABLE_STRICT_OBJC_MSGSEND = YES;
				ENABLE_TESTABILITY = YES;
				GCC_C_LANGUAGE_STANDARD = gnu11;
				GCC_DYNAMIC_NO_PIC = NO;
				GCC_NO_COMMON_BLOCKS = YES;
				GCC_OPTIMIZATION_LEVEL = 0;
				GCC_PREPROCESSOR_DEFINITIONS = (
					"DEBUG=1",
					"$(inherited)",
				);
				GCC_WARN_64_TO_32_BIT_CONVERSION = YES;
				GCC_WARN_ABOUT_RETURN_TYPE = YES_ERROR;
				GCC_WARN_UNDECLARED_SELECTOR = YES;
				GCC_WARN_UNINITIALIZED_AUTOS = YES_AGGRESSIVE;
				GCC_WARN_UNUSED_FUNCTION = YES;
				GCC_WARN_UNUSED_VARIABLE = YES;
				IPHONEOS_DEPLOYMENT_TARGET = 16.0;
				MTL_ENABLE_DEBUG_INFO = INCLUDE_SOURCE;
				MTL_FAST_MATH = YES;
				ONLY_ACTIVE_ARCH = YES;
				SDKROOT = iphoneos;
				SWIFT_ACTIVE_COMPILATION_CONDITIONS = DEBUG;
				SWIFT_OPTIMIZATION_LEVEL = "-Onone";
			};
			name = Debug;
		};
		FC64E63B28F7330D00FCB2AA /* Release */ = {
			isa = XCBuildConfiguration;
			buildSettings = {
				ALWAYS_SEARCH_USER_PATHS = NO;
				CLANG_ANALYZER_NONNULL = YES;
				CLANG_ANALYZER_NUMBER_OBJECT_CONVERSION = YES_AGGRESSIVE;
				CLANG_CXX_LANGUAGE_STANDARD = "gnu++20";
				CLANG_ENABLE_MODULES = YES;
				CLANG_ENABLE_OBJC_ARC = YES;
				CLANG_ENABLE_OBJC_WEAK = YES;
				CLANG_WARN_BLOCK_CAPTURE_AUTORELEASING = YES;
				CLANG_WARN_BOOL_CONVERSION = YES;
				CLANG_WARN_COMMA = YES;
				CLANG_WARN_CONSTANT_CONVERSION = YES;
				CLANG_WARN_DEPRECATED_OBJC_IMPLEMENTATIONS = YES;
				CLANG_WARN_DIRECT_OBJC_ISA_USAGE = YES_ERROR;
				CLANG_WARN_DOCUMENTATION_COMMENTS = YES;
				CLANG_WARN_EMPTY_BODY = YES;
				CLANG_WARN_ENUM_CONVERSION = YES;
				CLANG_WARN_INFINITE_RECURSION = YES;
				CLANG_WARN_INT_CONVERSION = YES;
				CLANG_WARN_NON_LITERAL_NULL_CONVERSION = YES;
				CLANG_WARN_OBJC_IMPLICIT_RETAIN_SELF = YES;
				CLANG_WARN_OBJC_LITERAL_CONVERSION = YES;
				CLANG_WARN_OBJC_ROOT_CLASS = YES_ERROR;
				CLANG_WARN_QUOTED_INCLUDE_IN_FRAMEWORK_HEADER = YES;
				CLANG_WARN_RANGE_LOOP_ANALYSIS = YES;
				CLANG_WARN_STRICT_PROTOTYPES = YES;
				CLANG_WARN_SUSPICIOUS_MOVE = YES;
				CLANG_WARN_UNGUARDED_AVAILABILITY = YES_AGGRESSIVE;
				CLANG_WARN_UNREACHABLE_CODE = YES;
				CLANG_WARN__DUPLICATE_METHOD_MATCH = YES;
				COPY_PHASE_STRIP = NO;
				DEBUG_INFORMATION_FORMAT = "dwarf-with-dsym";
				ENABLE_NS_ASSERTIONS = NO;
				ENABLE_STRICT_OBJC_MSGSEND = YES;
				GCC_C_LANGUAGE_STANDARD = gnu11;
				GCC_NO_COMMON_BLOCKS = YES;
				GCC_WARN_64_TO_32_BIT_CONVERSION = YES;
				GCC_WARN_ABOUT_RETURN_TYPE = YES_ERROR;
				GCC_WARN_UNDECLARED_SELECTOR = YES;
				GCC_WARN_UNINITIALIZED_AUTOS = YES_AGGRESSIVE;
				GCC_WARN_UNUSED_FUNCTION = YES;
				GCC_WARN_UNUSED_VARIABLE = YES;
				IPHONEOS_DEPLOYMENT_TARGET = 16.0;
				MTL_ENABLE_DEBUG_INFO = NO;
				MTL_FAST_MATH = YES;
				SDKROOT = iphoneos;
				SWIFT_COMPILATION_MODE = wholemodule;
				SWIFT_OPTIMIZATION_LEVEL = "-O";
				VALIDATE_PRODUCT = YES;
			};
			name = Release;
		};
		FC64E63D28F7330D00FCB2AA /* Debug */ = {
			isa = XCBuildConfiguration;
			buildSettings = {
				ASSETCATALOG_COMPILER_APPICON_NAME = AppIcon;
				ASSETCATALOG_COMPILER_GLOBAL_ACCENT_COLOR_NAME = AccentColor;
				CODE_SIGN_STYLE = Automatic;
				CURRENT_PROJECT_VERSION = 1;
				DEVELOPMENT_ASSET_PATHS = "\"MARCO-iOS/Preview Content\"";
				DEVELOPMENT_TEAM = PXRF374QBB;
				ENABLE_PREVIEWS = YES;
				GENERATE_INFOPLIST_FILE = YES;
				INFOPLIST_FILE = "MARCO-iOS/Info.plist";
				INFOPLIST_KEY_CFBundleDisplayName = "MARCO KIDS";
				INFOPLIST_KEY_NSCameraUsageDescription = "Camera needed for app usage.";
				INFOPLIST_KEY_NSLocationAlwaysAndWhenInUseUsageDescription = "GPS Permission";
				INFOPLIST_KEY_NSLocationWhenInUseUsageDescription = "GPS Permission";
				INFOPLIST_KEY_UIApplicationSceneManifest_Generation = YES;
				INFOPLIST_KEY_UIApplicationSupportsIndirectInputEvents = YES;
				INFOPLIST_KEY_UILaunchScreen_Generation = YES;
				INFOPLIST_KEY_UISupportedInterfaceOrientations_iPad = "UIInterfaceOrientationPortrait UIInterfaceOrientationPortraitUpsideDown UIInterfaceOrientationLandscapeLeft UIInterfaceOrientationLandscapeRight";
				INFOPLIST_KEY_UISupportedInterfaceOrientations_iPhone = "UIInterfaceOrientationPortrait UIInterfaceOrientationLandscapeLeft UIInterfaceOrientationLandscapeRight";
				IPHONEOS_DEPLOYMENT_TARGET = 15.0;
				LD_RUNPATH_SEARCH_PATHS = (
					"$(inherited)",
					"@executable_path/Frameworks",
				);
				MARKETING_VERSION = 1.0;
				PRODUCT_BUNDLE_IDENTIFIER = com.MARCO.MARCOKIDS;
				PRODUCT_NAME = "$(TARGET_NAME)";
				SWIFT_EMIT_LOC_STRINGS = YES;
				SWIFT_VERSION = 5.0;
				TARGETED_DEVICE_FAMILY = "1,2";
			};
			name = Debug;
		};
		FC64E63E28F7330D00FCB2AA /* Release */ = {
			isa = XCBuildConfiguration;
			buildSettings = {
				ASSETCATALOG_COMPILER_APPICON_NAME = AppIcon;
				ASSETCATALOG_COMPILER_GLOBAL_ACCENT_COLOR_NAME = AccentColor;
				CODE_SIGN_STYLE = Automatic;
				CURRENT_PROJECT_VERSION = 1;
				DEVELOPMENT_ASSET_PATHS = "\"MARCO-iOS/Preview Content\"";
				DEVELOPMENT_TEAM = PXRF374QBB;
				ENABLE_PREVIEWS = YES;
				GENERATE_INFOPLIST_FILE = YES;
				INFOPLIST_FILE = "MARCO-iOS/Info.plist";
				INFOPLIST_KEY_CFBundleDisplayName = "MARCO KIDS";
				INFOPLIST_KEY_NSCameraUsageDescription = "Camera needed for app usage.";
				INFOPLIST_KEY_NSLocationAlwaysAndWhenInUseUsageDescription = "GPS Permission";
				INFOPLIST_KEY_NSLocationWhenInUseUsageDescription = "GPS Permission";
				INFOPLIST_KEY_UIApplicationSceneManifest_Generation = YES;
				INFOPLIST_KEY_UIApplicationSupportsIndirectInputEvents = YES;
				INFOPLIST_KEY_UILaunchScreen_Generation = YES;
				INFOPLIST_KEY_UISupportedInterfaceOrientations_iPad = "UIInterfaceOrientationPortrait UIInterfaceOrientationPortraitUpsideDown UIInterfaceOrientationLandscapeLeft UIInterfaceOrientationLandscapeRight";
				INFOPLIST_KEY_UISupportedInterfaceOrientations_iPhone = "UIInterfaceOrientationPortrait UIInterfaceOrientationLandscapeLeft UIInterfaceOrientationLandscapeRight";
				IPHONEOS_DEPLOYMENT_TARGET = 15.0;
				LD_RUNPATH_SEARCH_PATHS = (
					"$(inherited)",
					"@executable_path/Frameworks",
				);
				MARKETING_VERSION = 1.0;
				PRODUCT_BUNDLE_IDENTIFIER = "com.jose.marco-kid";
				PRODUCT_NAME = "$(TARGET_NAME)";
				SWIFT_EMIT_LOC_STRINGS = YES;
				SWIFT_VERSION = 5.0;
				TARGETED_DEVICE_FAMILY = "1,2";
			};
			name = Release;
		};
/* End XCBuildConfiguration section */

/* Begin XCConfigurationList section */
		FC64E62928F7330C00FCB2AA /* Build configuration list for PBXProject "MARCO-iOS" */ = {
			isa = XCConfigurationList;
			buildConfigurations = (
				FC64E63A28F7330D00FCB2AA /* Debug */,
				FC64E63B28F7330D00FCB2AA /* Release */,
			);
			defaultConfigurationIsVisible = 0;
			defaultConfigurationName = Release;
		};
		FC64E63C28F7330D00FCB2AA /* Build configuration list for PBXNativeTarget "MARCO-iOS" */ = {
			isa = XCConfigurationList;
			buildConfigurations = (
				FC64E63D28F7330D00FCB2AA /* Debug */,
				FC64E63E28F7330D00FCB2AA /* Release */,
			);
			defaultConfigurationIsVisible = 0;
			defaultConfigurationName = Release;
		};
/* End XCConfigurationList section */

/* Begin XCRemoteSwiftPackageReference section */
		FC0BD09429A46723005A1800 /* XCRemoteSwiftPackageReference "Alamofire" */ = {
			isa = XCRemoteSwiftPackageReference;
			repositoryURL = "https://github.com/Alamofire/Alamofire";
			requirement = {
				branch = master;
				kind = branch;
			};
		};
/* End XCRemoteSwiftPackageReference section */

/* Begin XCSwiftPackageProductDependency section */
		FC0BD09529A46723005A1800 /* Alamofire */ = {
			isa = XCSwiftPackageProductDependency;
			package = FC0BD09429A46723005A1800 /* XCRemoteSwiftPackageReference "Alamofire" */;
			productName = Alamofire;
		};
/* End XCSwiftPackageProductDependency section */
	};
	rootObject = FC64E62628F7330C00FCB2AA /* Project object */;
}
